
Microsoft Visual Studio Solution File, Format Version 12.00
# Visual Studio 15
VisualStudioVersion = 15.0.28010.2050
MinimumVisualStudioVersion = 10.0.40219.1
Project("{FAE04EC0-301F-11D3-BF4B-00C04F79EFBC}") = "lab7", "lab7\lab7.csproj", "{EDDD1F20-62DD-49FF-A6C6-4A2C6FC2B8E6}"
EndProject
Project("{9A19103F-16F7-4668-BE54-9A1E7A4F7556}") = "DataLayer", "DataLayer\DataLayer.csproj", "{58708159-B58C-42B7-A9AC-75CEDEE56E67}"
EndProject
Project("{9A19103F-16F7-4668-BE54-9A1E7A4F7556}") = "BusinessLayer", "BusinessLayer\BusinessLayer.csproj", "{012E990A-E2BF-458D-90DC-EC9296A37C1C}"
EndProject
Global
	GlobalSection(SolutionConfigurationPlatforms) = preSolution
		Debug|Any CPU = Debug|Any CPU
		Release|Any CPU = Release|Any CPU
	EndGlobalSection
	GlobalSection(ProjectConfigurationPlatforms) = postSolution
		{EDDD1F20-62DD-49FF-A6C6-4A2C6FC2B8E6}.Debug|Any CPU.ActiveCfg = Debug|Any CPU
		{EDDD1F20-62DD-49FF-A6C6-4A2C6FC2B8E6}.Debug|Any CPU.Build.0 = Debug|Any CPU
		{EDDD1F20-62DD-49FF-A6C6-4A2C6FC2B8E6}.Release|Any CPU.ActiveCfg = Release|Any CPU
		{EDDD1F20-62DD-49FF-A6C6-4A2C6FC2B8E6}.Release|Any CPU.Build.0 = Release|Any CPU
		{58708159-B58C-42B7-A9AC-75CEDEE56E67}.Debug|Any CPU.ActiveCfg = Debug|Any CPU
		{58708159-B58C-42B7-A9AC-75CEDEE56E67}.Debug|Any CPU.Build.0 = Debug|Any CPU
		{58708159-B58C-42B7-A9AC-75CEDEE56E67}.Release|Any CPU.ActiveCfg = Release|Any CPU
		{58708159-B58C-42B7-A9AC-75CEDEE56E67}.Release|Any CPU.Build.0 = Release|Any CPU
		{012E990A-E2BF-458D-90DC-EC9296A37C1C}.Debug|Any CPU.ActiveCfg = Debug|Any CPU
		{012E990A-E2BF-458D-90DC-EC9296A37C1C}.Debug|Any CPU.Build.0 = Debug|Any CPU
		{012E990A-E2BF-458D-90DC-EC9296A37C1C}.Release|Any CPU.ActiveCfg = Release|Any CPU
		{012E990A-E2BF-458D-90DC-EC9296A37C1C}.Release|Any CPU.Build.0 = Release|Any CPU
	EndGlobalSection
	GlobalSection(SolutionProperties) = preSolution
		HideSolutionNode = FALSE
	EndGlobalSection
	GlobalSection(ExtensibilityGlobals) = postSolution
		SolutionGuid = {8E2AC59B-0E55-4618-B732-EDEF2946FC04}
	EndGlobalSection
EndGlobal
